// !$*UTF8*$!
{
	archiveVersion = 1;
	classes = {
	};
	objectVersion = 56;
	objects = {

/* Begin PBXBuildFile section */
		8E1AF53B28F5B4080040873C /* CSVDataViewController.swift in Sources */ = {isa = PBXBuildFile; fileRef = 8E1AF53A28F5B4080040873C /* CSVDataViewController.swift */; };
		8E1AF53D28F5B4240040873C /* CSVDataFlow.storyboard in Resources */ = {isa = PBXBuildFile; fileRef = 8E1AF53C28F5B4240040873C /* CSVDataFlow.storyboard */; };
		8E1AF53F28F5B74E0040873C /* CSVDataCell.swift in Sources */ = {isa = PBXBuildFile; fileRef = 8E1AF53E28F5B74E0040873C /* CSVDataCell.swift */; };
		8E1AF54028F5B74E0040873C /* CSVDataCell.swift in Sources */ = {isa = PBXBuildFile; fileRef = 8E1AF53E28F5B74E0040873C /* CSVDataCell.swift */; };
		8E1AF54528F5B9FD0040873C /* CSVDisplayable.swift in Sources */ = {isa = PBXBuildFile; fileRef = 8E1AF54428F5B9FD0040873C /* CSVDisplayable.swift */; };
		8E1AF54628F5B9FD0040873C /* CSVDisplayable.swift in Sources */ = {isa = PBXBuildFile; fileRef = 8E1AF54428F5B9FD0040873C /* CSVDisplayable.swift */; };
		8E1AF54928F5BFD10040873C /* CSVDataViewModel.swift in Sources */ = {isa = PBXBuildFile; fileRef = 8E1AF54828F5BFD10040873C /* CSVDataViewModel.swift */; };
		8E1AF54E28F5C3E30040873C /* CoordinatorType.swift in Sources */ = {isa = PBXBuildFile; fileRef = 8E1AF54D28F5C3E30040873C /* CoordinatorType.swift */; };
		8E1AF55428F5C4630040873C /* MainCoordinator.swift in Sources */ = {isa = PBXBuildFile; fileRef = 8E1AF55328F5C4630040873C /* MainCoordinator.swift */; };
		8E1AF55828F5C7660040873C /* HomeViewModel.swift in Sources */ = {isa = PBXBuildFile; fileRef = 8E1AF55728F5C7660040873C /* HomeViewModel.swift */; };
		8E1AF55C28F5FE830040873C /* Array+Extension.swift in Sources */ = {isa = PBXBuildFile; fileRef = 8E1AF55B28F5FE830040873C /* Array+Extension.swift */; };
		8E1AF55D28F5FE830040873C /* Array+Extension.swift in Sources */ = {isa = PBXBuildFile; fileRef = 8E1AF55B28F5FE830040873C /* Array+Extension.swift */; };
		8E1AF56228F722710040873C /* Storyboarded.swift in Sources */ = {isa = PBXBuildFile; fileRef = 8E1AF56128F722710040873C /* Storyboarded.swift */; };
		8E1AF56428F722AD0040873C /* BaseViewController.swift in Sources */ = {isa = PBXBuildFile; fileRef = 8E1AF56328F722AD0040873C /* BaseViewController.swift */; };
		8E1AF56728F72BD50040873C /* UIStoryboard+Extension.swift in Sources */ = {isa = PBXBuildFile; fileRef = 8E1AF56628F72BD50040873C /* UIStoryboard+Extension.swift */; };
		8E1AF56928F745F50040873C /* CSVDataViewModelTest.swift in Sources */ = {isa = PBXBuildFile; fileRef = 8E1AF56828F745F50040873C /* CSVDataViewModelTest.swift */; };
		8E1AF56A28F746A00040873C /* CSVDisplayable.swift in Sources */ = {isa = PBXBuildFile; fileRef = 8E1AF54428F5B9FD0040873C /* CSVDisplayable.swift */; };
		8E1AF56C28F74D2D0040873C /* CSVDataViewModel.swift in Sources */ = {isa = PBXBuildFile; fileRef = 8E1AF54828F5BFD10040873C /* CSVDataViewModel.swift */; };
		8E1AF57228F74DC40040873C /* Storyboarded.swift in Sources */ = {isa = PBXBuildFile; fileRef = 8E1AF56128F722710040873C /* Storyboarded.swift */; };
		8E1AF57428F74E3B0040873C /* UIStoryboard+Extension.swift in Sources */ = {isa = PBXBuildFile; fileRef = 8E1AF56628F72BD50040873C /* UIStoryboard+Extension.swift */; };
		8E1AF57528F74F250040873C /* CSVDataCell.swift in Sources */ = {isa = PBXBuildFile; fileRef = 8E1AF53E28F5B74E0040873C /* CSVDataCell.swift */; };
		8E1AF57A28F855A50040873C /* IssueReader.swift in Sources */ = {isa = PBXBuildFile; fileRef = 8E1AF57928F855A50040873C /* IssueReader.swift */; };
		8E1AF57C28F856CF0040873C /* Issue.swift in Sources */ = {isa = PBXBuildFile; fileRef = 8E1AF57B28F856CF0040873C /* Issue.swift */; };
		8E1AF57D28F856CF0040873C /* Issue.swift in Sources */ = {isa = PBXBuildFile; fileRef = 8E1AF57B28F856CF0040873C /* Issue.swift */; };
		8E1AF57F28F8837E0040873C /* IssueReaderTest.swift in Sources */ = {isa = PBXBuildFile; fileRef = 8E1AF57E28F8837E0040873C /* IssueReaderTest.swift */; };
		8E1AF58028F884AE0040873C /* IssueReader.swift in Sources */ = {isa = PBXBuildFile; fileRef = 8E1AF57928F855A50040873C /* IssueReader.swift */; };
		8E1AF58228F952040040873C /* DummyReader.swift in Sources */ = {isa = PBXBuildFile; fileRef = 8E1AF58128F952030040873C /* DummyReader.swift */; };
		8E1AF58328F952040040873C /* DummyReader.swift in Sources */ = {isa = PBXBuildFile; fileRef = 8E1AF58128F952030040873C /* DummyReader.swift */; };
		8E1AF58528F95C820040873C /* HomeViewModelTest.swift in Sources */ = {isa = PBXBuildFile; fileRef = 8E1AF58428F95C820040873C /* HomeViewModelTest.swift */; };
		8E1AF58728F95D660040873C /* Constants.swift in Sources */ = {isa = PBXBuildFile; fileRef = 8E1AF58628F95D660040873C /* Constants.swift */; };
		8E1AF58B28F975D70040873C /* BaseAlert.swift in Sources */ = {isa = PBXBuildFile; fileRef = 8E1AF58A28F975D70040873C /* BaseAlert.swift */; };
		8E1AF58C28F975D70040873C /* BaseAlert.swift in Sources */ = {isa = PBXBuildFile; fileRef = 8E1AF58A28F975D70040873C /* BaseAlert.swift */; };
		8E1AF58E28F976090040873C /* AlertAction.swift in Sources */ = {isa = PBXBuildFile; fileRef = 8E1AF58D28F976090040873C /* AlertAction.swift */; };
		8E1AF58F28F976090040873C /* AlertAction.swift in Sources */ = {isa = PBXBuildFile; fileRef = 8E1AF58D28F976090040873C /* AlertAction.swift */; };
		8E1AF59128F976310040873C /* AlertBuilder.swift in Sources */ = {isa = PBXBuildFile; fileRef = 8E1AF59028F976310040873C /* AlertBuilder.swift */; };
		8E1AF59228F976310040873C /* AlertBuilder.swift in Sources */ = {isa = PBXBuildFile; fileRef = 8E1AF59028F976310040873C /* AlertBuilder.swift */; };
		8E1AF59728F9DA670040873C /* UIView+Extension.swift in Sources */ = {isa = PBXBuildFile; fileRef = 8E1AF59628F9DA670040873C /* UIView+Extension.swift */; };
		8E1AF59928F9DA920040873C /* BlurView.swift in Sources */ = {isa = PBXBuildFile; fileRef = 8E1AF59828F9DA920040873C /* BlurView.swift */; };
		8E1AF59B28F9DE150040873C /* BattingReader.swift in Sources */ = {isa = PBXBuildFile; fileRef = 8E1AF59A28F9DE150040873C /* BattingReader.swift */; };
		8E1AF5A628FB1D680040873C /* BaseViewController.swift in Sources */ = {isa = PBXBuildFile; fileRef = 8E1AF56328F722AD0040873C /* BaseViewController.swift */; };
		8E1AF5A728FB1E8B0040873C /* BlurView.swift in Sources */ = {isa = PBXBuildFile; fileRef = 8E1AF59828F9DA920040873C /* BlurView.swift */; };
		8E1AF5A828FB1E940040873C /* HomeViewController.swift in Sources */ = {isa = PBXBuildFile; fileRef = 8EFD685928F5AD6800C128DC /* HomeViewController.swift */; };
		8E1AF5A928FB1E9C0040873C /* CSVDataViewController.swift in Sources */ = {isa = PBXBuildFile; fileRef = 8E1AF53A28F5B4080040873C /* CSVDataViewController.swift */; };
		8E1AF5AD28FB1FBF0040873C /* MainCoordinator.swift in Sources */ = {isa = PBXBuildFile; fileRef = 8E1AF55328F5C4630040873C /* MainCoordinator.swift */; };
		8E1AF5AE28FB1FD50040873C /* HomeViewModel.swift in Sources */ = {isa = PBXBuildFile; fileRef = 8E1AF55728F5C7660040873C /* HomeViewModel.swift */; };
		8E1AF5AF28FB1FEA0040873C /* CoordinatorType.swift in Sources */ = {isa = PBXBuildFile; fileRef = 8E1AF54D28F5C3E30040873C /* CoordinatorType.swift */; };
		8E1AF5B028FB1FF80040873C /* HomeViewController.swift in Sources */ = {isa = PBXBuildFile; fileRef = 8EFD685928F5AD6800C128DC /* HomeViewController.swift */; };
		8E1AF5B128FB20060040873C /* BaseViewController.swift in Sources */ = {isa = PBXBuildFile; fileRef = 8E1AF56328F722AD0040873C /* BaseViewController.swift */; };
		8E1AF5B228FB20160040873C /* BlurView.swift in Sources */ = {isa = PBXBuildFile; fileRef = 8E1AF59828F9DA920040873C /* BlurView.swift */; };
		8E1AF5B328FB20220040873C /* UIView+Extension.swift in Sources */ = {isa = PBXBuildFile; fileRef = 8E1AF59628F9DA670040873C /* UIView+Extension.swift */; };
		8E1AF5B428FB20240040873C /* UIView+Extension.swift in Sources */ = {isa = PBXBuildFile; fileRef = 8E1AF59628F9DA670040873C /* UIView+Extension.swift */; };
		8E1AF5B528FB20310040873C /* CSVDataViewController.swift in Sources */ = {isa = PBXBuildFile; fileRef = 8E1AF53A28F5B4080040873C /* CSVDataViewController.swift */; };
		8E1AF5BA28FC774D0040873C /* HomeScreenTest.swift in Sources */ = {isa = PBXBuildFile; fileRef = 8E1AF5B928FC774D0040873C /* HomeScreenTest.swift */; };
		8E1AF5BB28FC79690040873C /* Constants.swift in Sources */ = {isa = PBXBuildFile; fileRef = 8E1AF58628F95D660040873C /* Constants.swift */; };
		8E1AF5BC28FC79720040873C /* Constants.swift in Sources */ = {isa = PBXBuildFile; fileRef = 8E1AF58628F95D660040873C /* Constants.swift */; };
		8E1AF5BD28FC7B7E0040873C /* CSVDataViewModel.swift in Sources */ = {isa = PBXBuildFile; fileRef = 8E1AF54828F5BFD10040873C /* CSVDataViewModel.swift */; };
		8E1AF5BE28FC7B800040873C /* Issue.swift in Sources */ = {isa = PBXBuildFile; fileRef = 8E1AF57B28F856CF0040873C /* Issue.swift */; };
		8E1AF5BF28FC7B850040873C /* HomeViewModel.swift in Sources */ = {isa = PBXBuildFile; fileRef = 8E1AF55728F5C7660040873C /* HomeViewModel.swift */; };
		8E1AF5C028FC7B8A0040873C /* CoordinatorType.swift in Sources */ = {isa = PBXBuildFile; fileRef = 8E1AF54D28F5C3E30040873C /* CoordinatorType.swift */; };
		8E1AF5C128FC7B8D0040873C /* MainCoordinator.swift in Sources */ = {isa = PBXBuildFile; fileRef = 8E1AF55328F5C4630040873C /* MainCoordinator.swift */; };
		8E1AF5C228FC7B900040873C /* DummyReader.swift in Sources */ = {isa = PBXBuildFile; fileRef = 8E1AF58128F952030040873C /* DummyReader.swift */; };
		8E1AF5C328FC7B930040873C /* BattingReader.swift in Sources */ = {isa = PBXBuildFile; fileRef = 8E1AF59A28F9DE150040873C /* BattingReader.swift */; };
		8E1AF5C428FC7B940040873C /* BattingReader.swift in Sources */ = {isa = PBXBuildFile; fileRef = 8E1AF59A28F9DE150040873C /* BattingReader.swift */; };
		8E1AF5C528FC7B970040873C /* Array+Extension.swift in Sources */ = {isa = PBXBuildFile; fileRef = 8E1AF55B28F5FE830040873C /* Array+Extension.swift */; };
		8E1AF5C628FC7B9C0040873C /* Storyboarded.swift in Sources */ = {isa = PBXBuildFile; fileRef = 8E1AF56128F722710040873C /* Storyboarded.swift */; };
		8E1AF5C728FC7B9F0040873C /* UIStoryboard+Extension.swift in Sources */ = {isa = PBXBuildFile; fileRef = 8E1AF56628F72BD50040873C /* UIStoryboard+Extension.swift */; };
		8E1AF5C828FC7BCE0040873C /* IssueReader.swift in Sources */ = {isa = PBXBuildFile; fileRef = 8E1AF57928F855A50040873C /* IssueReader.swift */; };
		8E1AF5C928FC7BE90040873C /* AlertBuilder.swift in Sources */ = {isa = PBXBuildFile; fileRef = 8E1AF59028F976310040873C /* AlertBuilder.swift */; };
		8E1AF5CA28FC7BFD0040873C /* BaseAlert.swift in Sources */ = {isa = PBXBuildFile; fileRef = 8E1AF58A28F975D70040873C /* BaseAlert.swift */; };
		8E1AF5CB28FC7C010040873C /* AlertAction.swift in Sources */ = {isa = PBXBuildFile; fileRef = 8E1AF58D28F976090040873C /* AlertAction.swift */; };
		8E1AF5CF28FD8D3C0040873C /* CSVDisplayableType.swift in Sources */ = {isa = PBXBuildFile; fileRef = 8E1AF5CE28FD8D3C0040873C /* CSVDisplayableType.swift */; };
		8E1AF5D028FD8D3C0040873C /* CSVDisplayableType.swift in Sources */ = {isa = PBXBuildFile; fileRef = 8E1AF5CE28FD8D3C0040873C /* CSVDisplayableType.swift */; };
		8E1AF5D128FD8D3C0040873C /* CSVDisplayableType.swift in Sources */ = {isa = PBXBuildFile; fileRef = 8E1AF5CE28FD8D3C0040873C /* CSVDisplayableType.swift */; };
		8E1AF5D328FD8D640040873C /* CSVDataViewModelType.swift in Sources */ = {isa = PBXBuildFile; fileRef = 8E1AF5D228FD8D640040873C /* CSVDataViewModelType.swift */; };
		8E1AF5D428FD8D640040873C /* CSVDataViewModelType.swift in Sources */ = {isa = PBXBuildFile; fileRef = 8E1AF5D228FD8D640040873C /* CSVDataViewModelType.swift */; };
		8E1AF5D528FD8D640040873C /* CSVDataViewModelType.swift in Sources */ = {isa = PBXBuildFile; fileRef = 8E1AF5D228FD8D640040873C /* CSVDataViewModelType.swift */; };
		8E1AF5D828FD8DA40040873C /* HomeViewModelType.swift in Sources */ = {isa = PBXBuildFile; fileRef = 8E1AF5D728FD8DA40040873C /* HomeViewModelType.swift */; };
		8E1AF5D928FD8DA40040873C /* HomeViewModelType.swift in Sources */ = {isa = PBXBuildFile; fileRef = 8E1AF5D728FD8DA40040873C /* HomeViewModelType.swift */; };
		8E1AF5DA28FD8DA40040873C /* HomeViewModelType.swift in Sources */ = {isa = PBXBuildFile; fileRef = 8E1AF5D728FD8DA40040873C /* HomeViewModelType.swift */; };
		8E1AF5DD28FD8DC70040873C /* CSVCapableCoordinatorType.swift in Sources */ = {isa = PBXBuildFile; fileRef = 8E1AF5DC28FD8DC70040873C /* CSVCapableCoordinatorType.swift */; };
		8E1AF5DE28FD8DC70040873C /* CSVCapableCoordinatorType.swift in Sources */ = {isa = PBXBuildFile; fileRef = 8E1AF5DC28FD8DC70040873C /* CSVCapableCoordinatorType.swift */; };
		8E1AF5DF28FD8DC70040873C /* CSVCapableCoordinatorType.swift in Sources */ = {isa = PBXBuildFile; fileRef = 8E1AF5DC28FD8DC70040873C /* CSVCapableCoordinatorType.swift */; };
		8E1AF5E628FD97640040873C /* CSVReaderType.swift in Sources */ = {isa = PBXBuildFile; fileRef = 8E1AF5E528FD97640040873C /* CSVReaderType.swift */; };
		8E1AF5E728FD97640040873C /* CSVReaderType.swift in Sources */ = {isa = PBXBuildFile; fileRef = 8E1AF5E528FD97640040873C /* CSVReaderType.swift */; };
		8E1AF5E828FD97640040873C /* CSVReaderType.swift in Sources */ = {isa = PBXBuildFile; fileRef = 8E1AF5E528FD97640040873C /* CSVReaderType.swift */; };
		8E1AF5EA28FDDADC0040873C /* CSVReaderScreenTest.swift in Sources */ = {isa = PBXBuildFile; fileRef = 8E1AF5E928FDDADC0040873C /* CSVReaderScreenTest.swift */; };
		8EFD685628F5AD6800C128DC /* AppDelegate.swift in Sources */ = {isa = PBXBuildFile; fileRef = 8EFD685528F5AD6800C128DC /* AppDelegate.swift */; };
		8EFD685A28F5AD6800C128DC /* HomeViewController.swift in Sources */ = {isa = PBXBuildFile; fileRef = 8EFD685928F5AD6800C128DC /* HomeViewController.swift */; };
		8EFD685D28F5AD6800C128DC /* Home.storyboard in Resources */ = {isa = PBXBuildFile; fileRef = 8EFD685B28F5AD6800C128DC /* Home.storyboard */; };
		8EFD685F28F5AD6A00C128DC /* Assets.xcassets in Resources */ = {isa = PBXBuildFile; fileRef = 8EFD685E28F5AD6A00C128DC /* Assets.xcassets */; };
		8EFD686228F5AD6A00C128DC /* LaunchScreen.storyboard in Resources */ = {isa = PBXBuildFile; fileRef = 8EFD686028F5AD6A00C128DC /* LaunchScreen.storyboard */; };
		8EFD687928F5AD6A00C128DC /* CSVReader_SBUITestsLaunchTests.swift in Sources */ = {isa = PBXBuildFile; fileRef = 8EFD687828F5AD6A00C128DC /* CSVReader_SBUITestsLaunchTests.swift */; };
/* End PBXBuildFile section */

/* Begin PBXContainerItemProxy section */
		8EFD686928F5AD6A00C128DC /* PBXContainerItemProxy */ = {
			isa = PBXContainerItemProxy;
			containerPortal = 8EFD684A28F5AD6800C128DC /* Project object */;
			proxyType = 1;
			remoteGlobalIDString = 8EFD685128F5AD6800C128DC;
			remoteInfo = CSVReader_SB;
		};
		8EFD687328F5AD6A00C128DC /* PBXContainerItemProxy */ = {
			isa = PBXContainerItemProxy;
			containerPortal = 8EFD684A28F5AD6800C128DC /* Project object */;
			proxyType = 1;
			remoteGlobalIDString = 8EFD685128F5AD6800C128DC;
			remoteInfo = CSVReader_SB;
		};
/* End PBXContainerItemProxy section */

/* Begin PBXFileReference section */
		8E1AF53A28F5B4080040873C /* CSVDataViewController.swift */ = {isa = PBXFileReference; lastKnownFileType = sourcecode.swift; path = CSVDataViewController.swift; sourceTree = "<group>"; };
		8E1AF53C28F5B4240040873C /* CSVDataFlow.storyboard */ = {isa = PBXFileReference; lastKnownFileType = file.storyboard; path = CSVDataFlow.storyboard; sourceTree = "<group>"; };
		8E1AF53E28F5B74E0040873C /* CSVDataCell.swift */ = {isa = PBXFileReference; lastKnownFileType = sourcecode.swift; path = CSVDataCell.swift; sourceTree = "<group>"; };
		8E1AF54428F5B9FD0040873C /* CSVDisplayable.swift */ = {isa = PBXFileReference; lastKnownFileType = sourcecode.swift; path = CSVDisplayable.swift; sourceTree = "<group>"; };
		8E1AF54828F5BFD10040873C /* CSVDataViewModel.swift */ = {isa = PBXFileReference; lastKnownFileType = sourcecode.swift; path = CSVDataViewModel.swift; sourceTree = "<group>"; };
		8E1AF54D28F5C3E30040873C /* CoordinatorType.swift */ = {isa = PBXFileReference; lastKnownFileType = sourcecode.swift; path = CoordinatorType.swift; sourceTree = "<group>"; };
		8E1AF55328F5C4630040873C /* MainCoordinator.swift */ = {isa = PBXFileReference; lastKnownFileType = sourcecode.swift; path = MainCoordinator.swift; sourceTree = "<group>"; };
		8E1AF55728F5C7660040873C /* HomeViewModel.swift */ = {isa = PBXFileReference; lastKnownFileType = sourcecode.swift; path = HomeViewModel.swift; sourceTree = "<group>"; };
		8E1AF55B28F5FE830040873C /* Array+Extension.swift */ = {isa = PBXFileReference; lastKnownFileType = sourcecode.swift; path = "Array+Extension.swift"; sourceTree = "<group>"; };
		8E1AF56128F722710040873C /* Storyboarded.swift */ = {isa = PBXFileReference; lastKnownFileType = sourcecode.swift; path = Storyboarded.swift; sourceTree = "<group>"; };
		8E1AF56328F722AD0040873C /* BaseViewController.swift */ = {isa = PBXFileReference; lastKnownFileType = sourcecode.swift; path = BaseViewController.swift; sourceTree = "<group>"; };
		8E1AF56628F72BD50040873C /* UIStoryboard+Extension.swift */ = {isa = PBXFileReference; lastKnownFileType = sourcecode.swift; path = "UIStoryboard+Extension.swift"; sourceTree = "<group>"; };
		8E1AF56828F745F50040873C /* CSVDataViewModelTest.swift */ = {isa = PBXFileReference; lastKnownFileType = sourcecode.swift; path = CSVDataViewModelTest.swift; sourceTree = "<group>"; };
		8E1AF57928F855A50040873C /* IssueReader.swift */ = {isa = PBXFileReference; lastKnownFileType = sourcecode.swift; path = IssueReader.swift; sourceTree = "<group>"; };
		8E1AF57B28F856CF0040873C /* Issue.swift */ = {isa = PBXFileReference; lastKnownFileType = sourcecode.swift; path = Issue.swift; sourceTree = "<group>"; };
		8E1AF57E28F8837E0040873C /* IssueReaderTest.swift */ = {isa = PBXFileReference; lastKnownFileType = sourcecode.swift; path = IssueReaderTest.swift; sourceTree = "<group>"; };
		8E1AF58128F952030040873C /* DummyReader.swift */ = {isa = PBXFileReference; lastKnownFileType = sourcecode.swift; path = DummyReader.swift; sourceTree = "<group>"; };
		8E1AF58428F95C820040873C /* HomeViewModelTest.swift */ = {isa = PBXFileReference; lastKnownFileType = sourcecode.swift; path = HomeViewModelTest.swift; sourceTree = "<group>"; };
		8E1AF58628F95D660040873C /* Constants.swift */ = {isa = PBXFileReference; lastKnownFileType = sourcecode.swift; path = Constants.swift; sourceTree = "<group>"; };
		8E1AF58A28F975D70040873C /* BaseAlert.swift */ = {isa = PBXFileReference; lastKnownFileType = sourcecode.swift; path = BaseAlert.swift; sourceTree = "<group>"; };
		8E1AF58D28F976090040873C /* AlertAction.swift */ = {isa = PBXFileReference; lastKnownFileType = sourcecode.swift; path = AlertAction.swift; sourceTree = "<group>"; };
		8E1AF59028F976310040873C /* AlertBuilder.swift */ = {isa = PBXFileReference; lastKnownFileType = sourcecode.swift; path = AlertBuilder.swift; sourceTree = "<group>"; };
		8E1AF59628F9DA670040873C /* UIView+Extension.swift */ = {isa = PBXFileReference; lastKnownFileType = sourcecode.swift; path = "UIView+Extension.swift"; sourceTree = "<group>"; };
		8E1AF59828F9DA920040873C /* BlurView.swift */ = {isa = PBXFileReference; lastKnownFileType = sourcecode.swift; path = BlurView.swift; sourceTree = "<group>"; };
		8E1AF59A28F9DE150040873C /* BattingReader.swift */ = {isa = PBXFileReference; lastKnownFileType = sourcecode.swift; path = BattingReader.swift; sourceTree = "<group>"; };
		8E1AF5B928FC774D0040873C /* HomeScreenTest.swift */ = {isa = PBXFileReference; lastKnownFileType = sourcecode.swift; path = HomeScreenTest.swift; sourceTree = "<group>"; };
		8E1AF5CE28FD8D3C0040873C /* CSVDisplayableType.swift */ = {isa = PBXFileReference; lastKnownFileType = sourcecode.swift; path = CSVDisplayableType.swift; sourceTree = "<group>"; };
		8E1AF5D228FD8D640040873C /* CSVDataViewModelType.swift */ = {isa = PBXFileReference; lastKnownFileType = sourcecode.swift; path = CSVDataViewModelType.swift; sourceTree = "<group>"; };
		8E1AF5D728FD8DA40040873C /* HomeViewModelType.swift */ = {isa = PBXFileReference; lastKnownFileType = sourcecode.swift; path = HomeViewModelType.swift; sourceTree = "<group>"; };
		8E1AF5DC28FD8DC70040873C /* CSVCapableCoordinatorType.swift */ = {isa = PBXFileReference; lastKnownFileType = sourcecode.swift; path = CSVCapableCoordinatorType.swift; sourceTree = "<group>"; };
		8E1AF5E528FD97640040873C /* CSVReaderType.swift */ = {isa = PBXFileReference; lastKnownFileType = sourcecode.swift; path = CSVReaderType.swift; sourceTree = "<group>"; };
		8E1AF5E928FDDADC0040873C /* CSVReaderScreenTest.swift */ = {isa = PBXFileReference; lastKnownFileType = sourcecode.swift; path = CSVReaderScreenTest.swift; sourceTree = "<group>"; };
		8EFD685228F5AD6800C128DC /* CSVReader_SB.app */ = {isa = PBXFileReference; explicitFileType = wrapper.application; includeInIndex = 0; path = CSVReader_SB.app; sourceTree = BUILT_PRODUCTS_DIR; };
		8EFD685528F5AD6800C128DC /* AppDelegate.swift */ = {isa = PBXFileReference; lastKnownFileType = sourcecode.swift; path = AppDelegate.swift; sourceTree = "<group>"; };
		8EFD685928F5AD6800C128DC /* HomeViewController.swift */ = {isa = PBXFileReference; lastKnownFileType = sourcecode.swift; path = HomeViewController.swift; sourceTree = "<group>"; };
		8EFD685C28F5AD6800C128DC /* Base */ = {isa = PBXFileReference; lastKnownFileType = file.storyboard; name = Base; path = Base.lproj/Home.storyboard; sourceTree = "<group>"; };
		8EFD685E28F5AD6A00C128DC /* Assets.xcassets */ = {isa = PBXFileReference; lastKnownFileType = folder.assetcatalog; path = Assets.xcassets; sourceTree = "<group>"; };
		8EFD686128F5AD6A00C128DC /* Base */ = {isa = PBXFileReference; lastKnownFileType = file.storyboard; name = Base; path = Base.lproj/LaunchScreen.storyboard; sourceTree = "<group>"; };
		8EFD686328F5AD6A00C128DC /* Info.plist */ = {isa = PBXFileReference; lastKnownFileType = text.plist.xml; path = Info.plist; sourceTree = "<group>"; };
		8EFD686828F5AD6A00C128DC /* CSVReader_SBTests.xctest */ = {isa = PBXFileReference; explicitFileType = wrapper.cfbundle; includeInIndex = 0; path = CSVReader_SBTests.xctest; sourceTree = BUILT_PRODUCTS_DIR; };
		8EFD687228F5AD6A00C128DC /* CSVReader_SBUITests.xctest */ = {isa = PBXFileReference; explicitFileType = wrapper.cfbundle; includeInIndex = 0; path = CSVReader_SBUITests.xctest; sourceTree = BUILT_PRODUCTS_DIR; };
		8EFD687828F5AD6A00C128DC /* CSVReader_SBUITestsLaunchTests.swift */ = {isa = PBXFileReference; lastKnownFileType = sourcecode.swift; path = CSVReader_SBUITestsLaunchTests.swift; sourceTree = "<group>"; };
/* End PBXFileReference section */

/* Begin PBXFrameworksBuildPhase section */
		8EFD684F28F5AD6800C128DC /* Frameworks */ = {
			isa = PBXFrameworksBuildPhase;
			buildActionMask = 2147483647;
			files = (
			);
			runOnlyForDeploymentPostprocessing = 0;
		};
		8EFD686528F5AD6A00C128DC /* Frameworks */ = {
			isa = PBXFrameworksBuildPhase;
			buildActionMask = 2147483647;
			files = (
			);
			runOnlyForDeploymentPostprocessing = 0;
		};
		8EFD686F28F5AD6A00C128DC /* Frameworks */ = {
			isa = PBXFrameworksBuildPhase;
			buildActionMask = 2147483647;
			files = (
			);
			runOnlyForDeploymentPostprocessing = 0;
		};
/* End PBXFrameworksBuildPhase section */

/* Begin PBXGroup section */
		8E1AF52E28F5B0700040873C /* Supporting files */ = {
			isa = PBXGroup;
			children = (
				8EFD686328F5AD6A00C128DC /* Info.plist */,
				8EFD685528F5AD6800C128DC /* AppDelegate.swift */,
			);
			path = "Supporting files";
			sourceTree = "<group>";
		};
		8E1AF52F28F5B1B50040873C /* CSVReader */ = {
			isa = PBXGroup;
			children = (
				8E1AF56528F722F90040873C /* Flows */,
				8E1AF54C28F5C3340040873C /* Coordinators */,
				8E1AF53428F5B2050040873C /* Utils */,
			);
			path = CSVReader;
			sourceTree = "<group>";
		};
		8E1AF53028F5B1BE0040873C /* HomePage */ = {
			isa = PBXGroup;
			children = (
				8E1AF5D628FD8D8E0040873C /* Protocols */,
				8EFD685B28F5AD6800C128DC /* Home.storyboard */,
				8E1AF53328F5B1F10040873C /* Views */,
				8E1AF53228F5B1DD0040873C /* ViewModels */,
				8E1AF53128F5B1D50040873C /* ViewControllers */,
			);
			path = HomePage;
			sourceTree = "<group>";
		};
		8E1AF53128F5B1D50040873C /* ViewControllers */ = {
			isa = PBXGroup;
			children = (
				8EFD685928F5AD6800C128DC /* HomeViewController.swift */,
			);
			path = ViewControllers;
			sourceTree = "<group>";
		};
		8E1AF53228F5B1DD0040873C /* ViewModels */ = {
			isa = PBXGroup;
			children = (
				8E1AF55728F5C7660040873C /* HomeViewModel.swift */,
			);
			path = ViewModels;
			sourceTree = "<group>";
		};
		8E1AF53328F5B1F10040873C /* Views */ = {
			isa = PBXGroup;
			children = (
			);
			path = Views;
			sourceTree = "<group>";
		};
		8E1AF53428F5B2050040873C /* Utils */ = {
			isa = PBXGroup;
			children = (
				8E1AF59528F9DA520040873C /* LoadingIndicator */,
				8E1AF58928F975AF0040873C /* Alerts */,
				8E1AF53528F5B20D0040873C /* Readers */,
				8E1AF55B28F5FE830040873C /* Array+Extension.swift */,
				8E1AF56328F722AD0040873C /* BaseViewController.swift */,
				8E1AF56128F722710040873C /* Storyboarded.swift */,
				8E1AF56628F72BD50040873C /* UIStoryboard+Extension.swift */,
				8E1AF58628F95D660040873C /* Constants.swift */,
			);
			path = Utils;
			sourceTree = "<group>";
		};
		8E1AF53528F5B20D0040873C /* Readers */ = {
			isa = PBXGroup;
			children = (
				8E1AF57928F855A50040873C /* IssueReader.swift */,
				8E1AF58128F952030040873C /* DummyReader.swift */,
				8E1AF59A28F9DE150040873C /* BattingReader.swift */,
			);
			path = Readers;
			sourceTree = "<group>";
		};
		8E1AF53628F5B3C60040873C /* CSVDataScreen */ = {
			isa = PBXGroup;
			children = (
				8E1AF5EB28FE917B0040873C /* Models */,
				8E1AF5CD28FD8D200040873C /* Protocols */,
				8E1AF53928F5B3E70040873C /* ViewControllers */,
				8E1AF53828F5B3DA0040873C /* ViewModels */,
				8E1AF53728F5B3CD0040873C /* Views */,
				8E1AF53C28F5B4240040873C /* CSVDataFlow.storyboard */,
			);
			path = CSVDataScreen;
			sourceTree = "<group>";
		};
		8E1AF53728F5B3CD0040873C /* Views */ = {
			isa = PBXGroup;
			children = (
				8E1AF53E28F5B74E0040873C /* CSVDataCell.swift */,
			);
			path = Views;
			sourceTree = "<group>";
		};
		8E1AF53828F5B3DA0040873C /* ViewModels */ = {
			isa = PBXGroup;
			children = (
				8E1AF54428F5B9FD0040873C /* CSVDisplayable.swift */,
				8E1AF54828F5BFD10040873C /* CSVDataViewModel.swift */,
				8E1AF57B28F856CF0040873C /* Issue.swift */,
			);
			path = ViewModels;
			sourceTree = "<group>";
		};
		8E1AF53928F5B3E70040873C /* ViewControllers */ = {
			isa = PBXGroup;
			children = (
				8E1AF53A28F5B4080040873C /* CSVDataViewController.swift */,
			);
			path = ViewControllers;
			sourceTree = "<group>";
		};
		8E1AF54C28F5C3340040873C /* Coordinators */ = {
			isa = PBXGroup;
			children = (
				8E1AF5DB28FD8DB50040873C /* Protocols */,
				8E1AF55328F5C4630040873C /* MainCoordinator.swift */,
			);
			path = Coordinators;
			sourceTree = "<group>";
		};
		8E1AF56528F722F90040873C /* Flows */ = {
			isa = PBXGroup;
			children = (
				8E1AF53628F5B3C60040873C /* CSVDataScreen */,
				8E1AF53028F5B1BE0040873C /* HomePage */,
			);
			path = Flows;
			sourceTree = "<group>";
		};
		8E1AF58928F975AF0040873C /* Alerts */ = {
			isa = PBXGroup;
			children = (
				8E1AF58A28F975D70040873C /* BaseAlert.swift */,
				8E1AF58D28F976090040873C /* AlertAction.swift */,
				8E1AF59028F976310040873C /* AlertBuilder.swift */,
			);
			path = Alerts;
			sourceTree = "<group>";
		};
		8E1AF59528F9DA520040873C /* LoadingIndicator */ = {
			isa = PBXGroup;
			children = (
				8E1AF59628F9DA670040873C /* UIView+Extension.swift */,
				8E1AF59828F9DA920040873C /* BlurView.swift */,
			);
			path = LoadingIndicator;
			sourceTree = "<group>";
		};
		8E1AF5CD28FD8D200040873C /* Protocols */ = {
			isa = PBXGroup;
			children = (
				8E1AF5CE28FD8D3C0040873C /* CSVDisplayableType.swift */,
				8E1AF5D228FD8D640040873C /* CSVDataViewModelType.swift */,
				8E1AF5E528FD97640040873C /* CSVReaderType.swift */,
			);
			path = Protocols;
			sourceTree = "<group>";
		};
		8E1AF5D628FD8D8E0040873C /* Protocols */ = {
			isa = PBXGroup;
			children = (
				8E1AF5D728FD8DA40040873C /* HomeViewModelType.swift */,
			);
			path = Protocols;
			sourceTree = "<group>";
		};
		8E1AF5DB28FD8DB50040873C /* Protocols */ = {
			isa = PBXGroup;
			children = (
				8E1AF54D28F5C3E30040873C /* CoordinatorType.swift */,
				8E1AF5DC28FD8DC70040873C /* CSVCapableCoordinatorType.swift */,
			);
			path = Protocols;
			sourceTree = "<group>";
		};
		8E1AF5EB28FE917B0040873C /* Models */ = {
			isa = PBXGroup;
			children = (
			);
			path = Models;
			sourceTree = "<group>";
		};
		8EFD684928F5AD6800C128DC = {
			isa = PBXGroup;
			children = (
				8EFD685428F5AD6800C128DC /* CSVReader_SB */,
				8EFD686B28F5AD6A00C128DC /* CSVReader_SBTests */,
				8EFD687528F5AD6A00C128DC /* CSVReader_SBUITests */,
				8EFD685328F5AD6800C128DC /* Products */,
			);
			sourceTree = "<group>";
		};
		8EFD685328F5AD6800C128DC /* Products */ = {
			isa = PBXGroup;
			children = (
				8EFD685228F5AD6800C128DC /* CSVReader_SB.app */,
				8EFD686828F5AD6A00C128DC /* CSVReader_SBTests.xctest */,
				8EFD687228F5AD6A00C128DC /* CSVReader_SBUITests.xctest */,
			);
			name = Products;
			sourceTree = "<group>";
		};
		8EFD685428F5AD6800C128DC /* CSVReader_SB */ = {
			isa = PBXGroup;
			children = (
				8E1AF52F28F5B1B50040873C /* CSVReader */,
				8E1AF52E28F5B0700040873C /* Supporting files */,
				8EFD685E28F5AD6A00C128DC /* Assets.xcassets */,
				8EFD686028F5AD6A00C128DC /* LaunchScreen.storyboard */,
			);
			path = CSVReader_SB;
			sourceTree = "<group>";
		};
		8EFD686B28F5AD6A00C128DC /* CSVReader_SBTests */ = {
			isa = PBXGroup;
			children = (
				8E1AF57E28F8837E0040873C /* IssueReaderTest.swift */,
				8E1AF56828F745F50040873C /* CSVDataViewModelTest.swift */,
				8E1AF58428F95C820040873C /* HomeViewModelTest.swift */,
			);
			path = CSVReader_SBTests;
			sourceTree = "<group>";
		};
		8EFD687528F5AD6A00C128DC /* CSVReader_SBUITests */ = {
			isa = PBXGroup;
			children = (
				8E1AF5B928FC774D0040873C /* HomeScreenTest.swift */,
				8EFD687828F5AD6A00C128DC /* CSVReader_SBUITestsLaunchTests.swift */,
				8E1AF5E928FDDADC0040873C /* CSVReaderScreenTest.swift */,
			);
			path = CSVReader_SBUITests;
			sourceTree = "<group>";
		};
/* End PBXGroup section */

/* Begin PBXNativeTarget section */
		8EFD685128F5AD6800C128DC /* CSVReader_SB */ = {
			isa = PBXNativeTarget;
			buildConfigurationList = 8EFD687C28F5AD6A00C128DC /* Build configuration list for PBXNativeTarget "CSVReader_SB" */;
			buildPhases = (
				8EFD684E28F5AD6800C128DC /* Sources */,
				8EFD684F28F5AD6800C128DC /* Frameworks */,
				8EFD685028F5AD6800C128DC /* Resources */,
				8E1AF5CC28FD8CB80040873C /* ShellScript */,
			);
			buildRules = (
			);
			dependencies = (
			);
			name = CSVReader_SB;
			productName = CSVReader_SB;
			productReference = 8EFD685228F5AD6800C128DC /* CSVReader_SB.app */;
			productType = "com.apple.product-type.application";
		};
		8EFD686728F5AD6A00C128DC /* CSVReader_SBTests */ = {
			isa = PBXNativeTarget;
			buildConfigurationList = 8EFD687F28F5AD6A00C128DC /* Build configuration list for PBXNativeTarget "CSVReader_SBTests" */;
			buildPhases = (
				8EFD686428F5AD6A00C128DC /* Sources */,
				8EFD686528F5AD6A00C128DC /* Frameworks */,
				8EFD686628F5AD6A00C128DC /* Resources */,
			);
			buildRules = (
			);
			dependencies = (
				8EFD686A28F5AD6A00C128DC /* PBXTargetDependency */,
			);
			name = CSVReader_SBTests;
			productName = CSVReader_SBTests;
			productReference = 8EFD686828F5AD6A00C128DC /* CSVReader_SBTests.xctest */;
			productType = "com.apple.product-type.bundle.unit-test";
		};
		8EFD687128F5AD6A00C128DC /* CSVReader_SBUITests */ = {
			isa = PBXNativeTarget;
			buildConfigurationList = 8EFD688228F5AD6A00C128DC /* Build configuration list for PBXNativeTarget "CSVReader_SBUITests" */;
			buildPhases = (
				8EFD686E28F5AD6A00C128DC /* Sources */,
				8EFD686F28F5AD6A00C128DC /* Frameworks */,
				8EFD687028F5AD6A00C128DC /* Resources */,
			);
			buildRules = (
			);
			dependencies = (
				8EFD687428F5AD6A00C128DC /* PBXTargetDependency */,
			);
			name = CSVReader_SBUITests;
			productName = CSVReader_SBUITests;
			productReference = 8EFD687228F5AD6A00C128DC /* CSVReader_SBUITests.xctest */;
			productType = "com.apple.product-type.bundle.ui-testing";
		};
/* End PBXNativeTarget section */

/* Begin PBXProject section */
		8EFD684A28F5AD6800C128DC /* Project object */ = {
			isa = PBXProject;
			attributes = {
				BuildIndependentTargetsInParallel = 1;
				LastSwiftUpdateCheck = 1400;
				LastUpgradeCheck = 1400;
				TargetAttributes = {
					8EFD685128F5AD6800C128DC = {
						CreatedOnToolsVersion = 14.0.1;
					};
					8EFD686728F5AD6A00C128DC = {
						CreatedOnToolsVersion = 14.0.1;
						TestTargetID = 8EFD685128F5AD6800C128DC;
					};
					8EFD687128F5AD6A00C128DC = {
						CreatedOnToolsVersion = 14.0.1;
						TestTargetID = 8EFD685128F5AD6800C128DC;
					};
				};
			};
			buildConfigurationList = 8EFD684D28F5AD6800C128DC /* Build configuration list for PBXProject "CSVReader_SB" */;
			compatibilityVersion = "Xcode 14.0";
			developmentRegion = en;
			hasScannedForEncodings = 0;
			knownRegions = (
				en,
				Base,
			);
			mainGroup = 8EFD684928F5AD6800C128DC;
			productRefGroup = 8EFD685328F5AD6800C128DC /* Products */;
			projectDirPath = "";
			projectRoot = "";
			targets = (
				8EFD685128F5AD6800C128DC /* CSVReader_SB */,
				8EFD686728F5AD6A00C128DC /* CSVReader_SBTests */,
				8EFD687128F5AD6A00C128DC /* CSVReader_SBUITests */,
			);
		};
/* End PBXProject section */

/* Begin PBXResourcesBuildPhase section */
		8EFD685028F5AD6800C128DC /* Resources */ = {
			isa = PBXResourcesBuildPhase;
			buildActionMask = 2147483647;
			files = (
				8EFD686228F5AD6A00C128DC /* LaunchScreen.storyboard in Resources */,
				8EFD685F28F5AD6A00C128DC /* Assets.xcassets in Resources */,
				8EFD685D28F5AD6800C128DC /* Home.storyboard in Resources */,
				8E1AF53D28F5B4240040873C /* CSVDataFlow.storyboard in Resources */,
			);
			runOnlyForDeploymentPostprocessing = 0;
		};
		8EFD686628F5AD6A00C128DC /* Resources */ = {
			isa = PBXResourcesBuildPhase;
			buildActionMask = 2147483647;
			files = (
			);
			runOnlyForDeploymentPostprocessing = 0;
		};
		8EFD687028F5AD6A00C128DC /* Resources */ = {
			isa = PBXResourcesBuildPhase;
			buildActionMask = 2147483647;
			files = (
			);
			runOnlyForDeploymentPostprocessing = 0;
		};
/* End PBXResourcesBuildPhase section */

/* Begin PBXShellScriptBuildPhase section */
		8E1AF5CC28FD8CB80040873C /* ShellScript */ = {
			isa = PBXShellScriptBuildPhase;
			buildActionMask = 2147483647;
			files = (
			);
			inputFileListPaths = (
			);
			inputPaths = (
			);
			outputFileListPaths = (
			);
			outputPaths = (
			);
			runOnlyForDeploymentPostprocessing = 0;
			shellPath = /bin/sh;
			shellScript = "if which swiftlint >/dev/null; then\n  swiftlint\nelse\n  echo \"warning: SwiftLint not installed, download from https://github.com/realm/SwiftLint\"\nfi\n";
		};
/* End PBXShellScriptBuildPhase section */

/* Begin PBXSourcesBuildPhase section */
		8EFD684E28F5AD6800C128DC /* Sources */ = {
			isa = PBXSourcesBuildPhase;
			buildActionMask = 2147483647;
			files = (
				8EFD685A28F5AD6800C128DC /* HomeViewController.swift in Sources */,
				8E1AF58728F95D660040873C /* Constants.swift in Sources */,
				8E1AF57A28F855A50040873C /* IssueReader.swift in Sources */,
				8E1AF54E28F5C3E30040873C /* CoordinatorType.swift in Sources */,
				8E1AF59128F976310040873C /* AlertBuilder.swift in Sources */,
				8EFD685628F5AD6800C128DC /* AppDelegate.swift in Sources */,
				8E1AF55C28F5FE830040873C /* Array+Extension.swift in Sources */,
				8E1AF56428F722AD0040873C /* BaseViewController.swift in Sources */,
				8E1AF58B28F975D70040873C /* BaseAlert.swift in Sources */,
				8E1AF56228F722710040873C /* Storyboarded.swift in Sources */,
				8E1AF55828F5C7660040873C /* HomeViewModel.swift in Sources */,
				8E1AF5CF28FD8D3C0040873C /* CSVDisplayableType.swift in Sources */,
				8E1AF59B28F9DE150040873C /* BattingReader.swift in Sources */,
				8E1AF55428F5C4630040873C /* MainCoordinator.swift in Sources */,
				8E1AF5E628FD97640040873C /* CSVReaderType.swift in Sources */,
				8E1AF54928F5BFD10040873C /* CSVDataViewModel.swift in Sources */,
				8E1AF53F28F5B74E0040873C /* CSVDataCell.swift in Sources */,
				8E1AF58228F952040040873C /* DummyReader.swift in Sources */,
				8E1AF59928F9DA920040873C /* BlurView.swift in Sources */,
				8E1AF59728F9DA670040873C /* UIView+Extension.swift in Sources */,
				8E1AF5DD28FD8DC70040873C /* CSVCapableCoordinatorType.swift in Sources */,
				8E1AF53B28F5B4080040873C /* CSVDataViewController.swift in Sources */,
				8E1AF54528F5B9FD0040873C /* CSVDisplayable.swift in Sources */,
				8E1AF56728F72BD50040873C /* UIStoryboard+Extension.swift in Sources */,
				8E1AF5D328FD8D640040873C /* CSVDataViewModelType.swift in Sources */,
				8E1AF5D828FD8DA40040873C /* HomeViewModelType.swift in Sources */,
				8E1AF57C28F856CF0040873C /* Issue.swift in Sources */,
				8E1AF58E28F976090040873C /* AlertAction.swift in Sources */,
			);
			runOnlyForDeploymentPostprocessing = 0;
		};
		8EFD686428F5AD6A00C128DC /* Sources */ = {
			isa = PBXSourcesBuildPhase;
			buildActionMask = 2147483647;
			files = (
				8E1AF5AD28FB1FBF0040873C /* MainCoordinator.swift in Sources */,
				8E1AF5AE28FB1FD50040873C /* HomeViewModel.swift in Sources */,
				8E1AF56928F745F50040873C /* CSVDataViewModelTest.swift in Sources */,
				8E1AF57528F74F250040873C /* CSVDataCell.swift in Sources */,
				8E1AF54628F5B9FD0040873C /* CSVDisplayable.swift in Sources */,
				8E1AF5D428FD8D640040873C /* CSVDataViewModelType.swift in Sources */,
				8E1AF5B128FB20060040873C /* BaseViewController.swift in Sources */,
				8E1AF58528F95C820040873C /* HomeViewModelTest.swift in Sources */,
				8E1AF5AF28FB1FEA0040873C /* CoordinatorType.swift in Sources */,
				8E1AF58C28F975D70040873C /* BaseAlert.swift in Sources */,
				8E1AF58F28F976090040873C /* AlertAction.swift in Sources */,
				8E1AF5B328FB20220040873C /* UIView+Extension.swift in Sources */,
				8E1AF5B528FB20310040873C /* CSVDataViewController.swift in Sources */,
				8E1AF57228F74DC40040873C /* Storyboarded.swift in Sources */,
				8E1AF5D028FD8D3C0040873C /* CSVDisplayableType.swift in Sources */,
				8E1AF5DE28FD8DC70040873C /* CSVCapableCoordinatorType.swift in Sources */,
				8E1AF58328F952040040873C /* DummyReader.swift in Sources */,
				8E1AF55D28F5FE830040873C /* Array+Extension.swift in Sources */,
				8E1AF5C328FC7B930040873C /* BattingReader.swift in Sources */,
				8E1AF56C28F74D2D0040873C /* CSVDataViewModel.swift in Sources */,
				8E1AF59228F976310040873C /* AlertBuilder.swift in Sources */,
				8E1AF5B228FB20160040873C /* BlurView.swift in Sources */,
				8E1AF5D928FD8DA40040873C /* HomeViewModelType.swift in Sources */,
				8E1AF5B028FB1FF80040873C /* HomeViewController.swift in Sources */,
				8E1AF58028F884AE0040873C /* IssueReader.swift in Sources */,
				8E1AF5E728FD97640040873C /* CSVReaderType.swift in Sources */,
				8E1AF57F28F8837E0040873C /* IssueReaderTest.swift in Sources */,
				8E1AF57428F74E3B0040873C /* UIStoryboard+Extension.swift in Sources */,
				8E1AF57D28F856CF0040873C /* Issue.swift in Sources */,
				8E1AF5BC28FC79720040873C /* Constants.swift in Sources */,
			);
			runOnlyForDeploymentPostprocessing = 0;
		};
		8EFD686E28F5AD6A00C128DC /* Sources */ = {
			isa = PBXSourcesBuildPhase;
			buildActionMask = 2147483647;
			files = (
				8E1AF5A628FB1D680040873C /* BaseViewController.swift in Sources */,
				8E1AF5BB28FC79690040873C /* Constants.swift in Sources */,
				8E1AF5C028FC7B8A0040873C /* CoordinatorType.swift in Sources */,
				8E1AF5BE28FC7B800040873C /* Issue.swift in Sources */,
				8E1AF5D528FD8D640040873C /* CSVDataViewModelType.swift in Sources */,
				8E1AF5BD28FC7B7E0040873C /* CSVDataViewModel.swift in Sources */,
				8E1AF5C828FC7BCE0040873C /* IssueReader.swift in Sources */,
				8E1AF54028F5B74E0040873C /* CSVDataCell.swift in Sources */,
				8E1AF5C928FC7BE90040873C /* AlertBuilder.swift in Sources */,
				8E1AF5C628FC7B9C0040873C /* Storyboarded.swift in Sources */,
				8E1AF5B428FB20240040873C /* UIView+Extension.swift in Sources */,
				8E1AF5C428FC7B940040873C /* BattingReader.swift in Sources */,
				8E1AF5A928FB1E9C0040873C /* CSVDataViewController.swift in Sources */,
				8E1AF5D128FD8D3C0040873C /* CSVDisplayableType.swift in Sources */,
				8E1AF5DF28FD8DC70040873C /* CSVCapableCoordinatorType.swift in Sources */,
				8E1AF5CA28FC7BFD0040873C /* BaseAlert.swift in Sources */,
				8E1AF5C128FC7B8D0040873C /* MainCoordinator.swift in Sources */,
				8E1AF5CB28FC7C010040873C /* AlertAction.swift in Sources */,
				8E1AF5C528FC7B970040873C /* Array+Extension.swift in Sources */,
				8EFD687928F5AD6A00C128DC /* CSVReader_SBUITestsLaunchTests.swift in Sources */,
				8E1AF5BF28FC7B850040873C /* HomeViewModel.swift in Sources */,
				8E1AF5DA28FD8DA40040873C /* HomeViewModelType.swift in Sources */,
				8E1AF5BA28FC774D0040873C /* HomeScreenTest.swift in Sources */,
				8E1AF56A28F746A00040873C /* CSVDisplayable.swift in Sources */,
				8E1AF5E828FD97640040873C /* CSVReaderType.swift in Sources */,
				8E1AF5C228FC7B900040873C /* DummyReader.swift in Sources */,
				8E1AF5A828FB1E940040873C /* HomeViewController.swift in Sources */,
				8E1AF5EA28FDDADC0040873C /* CSVReaderScreenTest.swift in Sources */,
				8E1AF5A728FB1E8B0040873C /* BlurView.swift in Sources */,
				8E1AF5C728FC7B9F0040873C /* UIStoryboard+Extension.swift in Sources */,
			);
			runOnlyForDeploymentPostprocessing = 0;
		};
/* End PBXSourcesBuildPhase section */

/* Begin PBXTargetDependency section */
		8EFD686A28F5AD6A00C128DC /* PBXTargetDependency */ = {
			isa = PBXTargetDependency;
			target = 8EFD685128F5AD6800C128DC /* CSVReader_SB */;
			targetProxy = 8EFD686928F5AD6A00C128DC /* PBXContainerItemProxy */;
		};
		8EFD687428F5AD6A00C128DC /* PBXTargetDependency */ = {
			isa = PBXTargetDependency;
			target = 8EFD685128F5AD6800C128DC /* CSVReader_SB */;
			targetProxy = 8EFD687328F5AD6A00C128DC /* PBXContainerItemProxy */;
		};
/* End PBXTargetDependency section */

/* Begin PBXVariantGroup section */
		8EFD685B28F5AD6800C128DC /* Home.storyboard */ = {
			isa = PBXVariantGroup;
			children = (
				8EFD685C28F5AD6800C128DC /* Base */,
			);
			name = Home.storyboard;
			sourceTree = "<group>";
		};
		8EFD686028F5AD6A00C128DC /* LaunchScreen.storyboard */ = {
			isa = PBXVariantGroup;
			children = (
				8EFD686128F5AD6A00C128DC /* Base */,
			);
			name = LaunchScreen.storyboard;
			sourceTree = "<group>";
		};
/* End PBXVariantGroup section */

/* Begin XCBuildConfiguration section */
		8EFD687A28F5AD6A00C128DC /* Debug */ = {
			isa = XCBuildConfiguration;
			buildSettings = {
				ALWAYS_SEARCH_USER_PATHS = NO;
				CLANG_ANALYZER_NONNULL = YES;
				CLANG_ANALYZER_NUMBER_OBJECT_CONVERSION = YES_AGGRESSIVE;
				CLANG_CXX_LANGUAGE_STANDARD = "gnu++20";
				CLANG_ENABLE_MODULES = YES;
				CLANG_ENABLE_OBJC_ARC = YES;
				CLANG_ENABLE_OBJC_WEAK = YES;
				CLANG_WARN_BLOCK_CAPTURE_AUTORELEASING = YES;
				CLANG_WARN_BOOL_CONVERSION = YES;
				CLANG_WARN_COMMA = YES;
				CLANG_WARN_CONSTANT_CONVERSION = YES;
				CLANG_WARN_DEPRECATED_OBJC_IMPLEMENTATIONS = YES;
				CLANG_WARN_DIRECT_OBJC_ISA_USAGE = YES_ERROR;
				CLANG_WARN_DOCUMENTATION_COMMENTS = YES;
				CLANG_WARN_EMPTY_BODY = YES;
				CLANG_WARN_ENUM_CONVERSION = YES;
				CLANG_WARN_INFINITE_RECURSION = YES;
				CLANG_WARN_INT_CONVERSION = YES;
				CLANG_WARN_NON_LITERAL_NULL_CONVERSION = YES;
				CLANG_WARN_OBJC_IMPLICIT_RETAIN_SELF = YES;
				CLANG_WARN_OBJC_LITERAL_CONVERSION = YES;
				CLANG_WARN_OBJC_ROOT_CLASS = YES_ERROR;
				CLANG_WARN_QUOTED_INCLUDE_IN_FRAMEWORK_HEADER = YES;
				CLANG_WARN_RANGE_LOOP_ANALYSIS = YES;
				CLANG_WARN_STRICT_PROTOTYPES = YES;
				CLANG_WARN_SUSPICIOUS_MOVE = YES;
				CLANG_WARN_UNGUARDED_AVAILABILITY = YES_AGGRESSIVE;
				CLANG_WARN_UNREACHABLE_CODE = YES;
				CLANG_WARN__DUPLICATE_METHOD_MATCH = YES;
				COPY_PHASE_STRIP = NO;
				DEBUG_INFORMATION_FORMAT = dwarf;
				ENABLE_STRICT_OBJC_MSGSEND = YES;
				ENABLE_TESTABILITY = YES;
				GCC_C_LANGUAGE_STANDARD = gnu11;
				GCC_DYNAMIC_NO_PIC = NO;
				GCC_NO_COMMON_BLOCKS = YES;
				GCC_OPTIMIZATION_LEVEL = 0;
				GCC_PREPROCESSOR_DEFINITIONS = (
					"DEBUG=1",
					"$(inherited)",
				);
				GCC_WARN_64_TO_32_BIT_CONVERSION = YES;
				GCC_WARN_ABOUT_RETURN_TYPE = YES_ERROR;
				GCC_WARN_UNDECLARED_SELECTOR = YES;
				GCC_WARN_UNINITIALIZED_AUTOS = YES_AGGRESSIVE;
				GCC_WARN_UNUSED_FUNCTION = YES;
				GCC_WARN_UNUSED_VARIABLE = YES;
				IPHONEOS_DEPLOYMENT_TARGET = 16.0;
				MTL_ENABLE_DEBUG_INFO = INCLUDE_SOURCE;
				MTL_FAST_MATH = YES;
				ONLY_ACTIVE_ARCH = YES;
				SDKROOT = iphoneos;
				SWIFT_ACTIVE_COMPILATION_CONDITIONS = DEBUG;
				SWIFT_OPTIMIZATION_LEVEL = "-Onone";
			};
			name = Debug;
		};
		8EFD687B28F5AD6A00C128DC /* Release */ = {
			isa = XCBuildConfiguration;
			buildSettings = {
				ALWAYS_SEARCH_USER_PATHS = NO;
				CLANG_ANALYZER_NONNULL = YES;
				CLANG_ANALYZER_NUMBER_OBJECT_CONVERSION = YES_AGGRESSIVE;
				CLANG_CXX_LANGUAGE_STANDARD = "gnu++20";
				CLANG_ENABLE_MODULES = YES;
				CLANG_ENABLE_OBJC_ARC = YES;
				CLANG_ENABLE_OBJC_WEAK = YES;
				CLANG_WARN_BLOCK_CAPTURE_AUTORELEASING = YES;
				CLANG_WARN_BOOL_CONVERSION = YES;
				CLANG_WARN_COMMA = YES;
				CLANG_WARN_CONSTANT_CONVERSION = YES;
				CLANG_WARN_DEPRECATED_OBJC_IMPLEMENTATIONS = YES;
				CLANG_WARN_DIRECT_OBJC_ISA_USAGE = YES_ERROR;
				CLANG_WARN_DOCUMENTATION_COMMENTS = YES;
				CLANG_WARN_EMPTY_BODY = YES;
				CLANG_WARN_ENUM_CONVERSION = YES;
				CLANG_WARN_INFINITE_RECURSION = YES;
				CLANG_WARN_INT_CONVERSION = YES;
				CLANG_WARN_NON_LITERAL_NULL_CONVERSION = YES;
				CLANG_WARN_OBJC_IMPLICIT_RETAIN_SELF = YES;
				CLANG_WARN_OBJC_LITERAL_CONVERSION = YES;
				CLANG_WARN_OBJC_ROOT_CLASS = YES_ERROR;
				CLANG_WARN_QUOTED_INCLUDE_IN_FRAMEWORK_HEADER = YES;
				CLANG_WARN_RANGE_LOOP_ANALYSIS = YES;
				CLANG_WARN_STRICT_PROTOTYPES = YES;
				CLANG_WARN_SUSPICIOUS_MOVE = YES;
				CLANG_WARN_UNGUARDED_AVAILABILITY = YES_AGGRESSIVE;
				CLANG_WARN_UNREACHABLE_CODE = YES;
				CLANG_WARN__DUPLICATE_METHOD_MATCH = YES;
				COPY_PHASE_STRIP = NO;
				DEBUG_INFORMATION_FORMAT = "dwarf-with-dsym";
				ENABLE_NS_ASSERTIONS = NO;
				ENABLE_STRICT_OBJC_MSGSEND = YES;
				GCC_C_LANGUAGE_STANDARD = gnu11;
				GCC_NO_COMMON_BLOCKS = YES;
				GCC_WARN_64_TO_32_BIT_CONVERSION = YES;
				GCC_WARN_ABOUT_RETURN_TYPE = YES_ERROR;
				GCC_WARN_UNDECLARED_SELECTOR = YES;
				GCC_WARN_UNINITIALIZED_AUTOS = YES_AGGRESSIVE;
				GCC_WARN_UNUSED_FUNCTION = YES;
				GCC_WARN_UNUSED_VARIABLE = YES;
				IPHONEOS_DEPLOYMENT_TARGET = 16.0;
				MTL_ENABLE_DEBUG_INFO = NO;
				MTL_FAST_MATH = YES;
				SDKROOT = iphoneos;
				SWIFT_COMPILATION_MODE = wholemodule;
				SWIFT_OPTIMIZATION_LEVEL = "-O";
				VALIDATE_PRODUCT = YES;
			};
			name = Release;
		};
		8EFD687D28F5AD6A00C128DC /* Debug */ = {
			isa = XCBuildConfiguration;
			buildSettings = {
				ASSETCATALOG_COMPILER_APPICON_NAME = AppIcon;
				ASSETCATALOG_COMPILER_GLOBAL_ACCENT_COLOR_NAME = AccentColor;
				CODE_SIGN_STYLE = Automatic;
				CURRENT_PROJECT_VERSION = 1;
				GENERATE_INFOPLIST_FILE = YES;
				INFOPLIST_FILE = "CSVReader_SB/Supporting files/Info.plist";
				INFOPLIST_KEY_UIApplicationSupportsIndirectInputEvents = YES;
				INFOPLIST_KEY_UILaunchStoryboardName = LaunchScreen;
				INFOPLIST_KEY_UIMainStoryboardFile = Home;
				INFOPLIST_KEY_UIStatusBarStyle = "";
				INFOPLIST_KEY_UISupportedInterfaceOrientations = UIInterfaceOrientationPortrait;
				INFOPLIST_KEY_UISupportedInterfaceOrientations_iPad = "UIInterfaceOrientationLandscapeLeft UIInterfaceOrientationLandscapeRight UIInterfaceOrientationPortrait UIInterfaceOrientationPortraitUpsideDown";
				LD_RUNPATH_SEARCH_PATHS = (
					"$(inherited)",
					"@executable_path/Frameworks",
				);
				MARKETING_VERSION = 1.0;
				PRODUCT_BUNDLE_IDENTIFIER = "com.alexandrumihai.CSVReader-SB";
				PRODUCT_NAME = "$(TARGET_NAME)";
				SWIFT_EMIT_LOC_STRINGS = YES;
				SWIFT_VERSION = 5.0;
				TARGETED_DEVICE_FAMILY = 1;
			};
			name = Debug;
		};
		8EFD687E28F5AD6A00C128DC /* Release */ = {
			isa = XCBuildConfiguration;
			buildSettings = {
				ASSETCATALOG_COMPILER_APPICON_NAME = AppIcon;
				ASSETCATALOG_COMPILER_GLOBAL_ACCENT_COLOR_NAME = AccentColor;
				CODE_SIGN_STYLE = Automatic;
				CURRENT_PROJECT_VERSION = 1;
				GENERATE_INFOPLIST_FILE = YES;
				INFOPLIST_FILE = "CSVReader_SB/Supporting files/Info.plist";
				INFOPLIST_KEY_UIApplicationSupportsIndirectInputEvents = YES;
				INFOPLIST_KEY_UILaunchStoryboardName = LaunchScreen;
				INFOPLIST_KEY_UIMainStoryboardFile = Home;
				INFOPLIST_KEY_UIStatusBarStyle = "";
				INFOPLIST_KEY_UISupportedInterfaceOrientations = UIInterfaceOrientationPortrait;
				INFOPLIST_KEY_UISupportedInterfaceOrientations_iPad = "UIInterfaceOrientationLandscapeLeft UIInterfaceOrientationLandscapeRight UIInterfaceOrientationPortrait UIInterfaceOrientationPortraitUpsideDown";
				LD_RUNPATH_SEARCH_PATHS = (
					"$(inherited)",
					"@executable_path/Frameworks",
				);
				MARKETING_VERSION = 1.0;
				PRODUCT_BUNDLE_IDENTIFIER = "com.alexandrumihai.CSVReader-SB";
				PRODUCT_NAME = "$(TARGET_NAME)";
				SWIFT_EMIT_LOC_STRINGS = YES;
				SWIFT_VERSION = 5.0;
				TARGETED_DEVICE_FAMILY = 1;
			};
			name = Release;
		};
		8EFD688028F5AD6A00C128DC /* Debug */ = {
			isa = XCBuildConfiguration;
			buildSettings = {
				ALWAYS_EMBED_SWIFT_STANDARD_LIBRARIES = YES;
				BUNDLE_LOADER = "$(TEST_HOST)";
				CODE_SIGN_STYLE = Automatic;
				CURRENT_PROJECT_VERSION = 1;
				GENERATE_INFOPLIST_FILE = YES;
				IPHONEOS_DEPLOYMENT_TARGET = 16.0;
				MARKETING_VERSION = 1.0;
				PRODUCT_BUNDLE_IDENTIFIER = "com.alexandrumihai.CSVReader-SBTests";
				PRODUCT_NAME = "$(TARGET_NAME)";
				SWIFT_EMIT_LOC_STRINGS = NO;
				SWIFT_VERSION = 5.0;
				TARGETED_DEVICE_FAMILY = "1,2";
				TEST_HOST = "$(BUILT_PRODUCTS_DIR)/CSVReader_SB.app/$(BUNDLE_EXECUTABLE_FOLDER_PATH)/CSVReader_SB";
			};
			name = Debug;
		};
		8EFD688128F5AD6A00C128DC /* Release */ = {
			isa = XCBuildConfiguration;
			buildSettings = {
				ALWAYS_EMBED_SWIFT_STANDARD_LIBRARIES = YES;
				BUNDLE_LOADER = "$(TEST_HOST)";
				CODE_SIGN_STYLE = Automatic;
				CURRENT_PROJECT_VERSION = 1;
				GENERATE_INFOPLIST_FILE = YES;
				IPHONEOS_DEPLOYMENT_TARGET = 16.0;
				MARKETING_VERSION = 1.0;
				PRODUCT_BUNDLE_IDENTIFIER = "com.alexandrumihai.CSVReader-SBTests";
				PRODUCT_NAME = "$(TARGET_NAME)";
				SWIFT_EMIT_LOC_STRINGS = NO;
				SWIFT_VERSION = 5.0;
				TARGETED_DEVICE_FAMILY = "1,2";
				TEST_HOST = "$(BUILT_PRODUCTS_DIR)/CSVReader_SB.app/$(BUNDLE_EXECUTABLE_FOLDER_PATH)/CSVReader_SB";
			};
			name = Release;
		};
		8EFD688328F5AD6A00C128DC /* Debug */ = {
			isa = XCBuildConfiguration;
			buildSettings = {
				ALWAYS_EMBED_SWIFT_STANDARD_LIBRARIES = YES;
				CODE_SIGN_STYLE = Automatic;
				CURRENT_PROJECT_VERSION = 1;
				GENERATE_INFOPLIST_FILE = YES;
				MARKETING_VERSION = 1.0;
				PRODUCT_BUNDLE_IDENTIFIER = "com.alexandrumihai.CSVReader-SBUITests";
				PRODUCT_NAME = "$(TARGET_NAME)";
				SWIFT_EMIT_LOC_STRINGS = NO;
				SWIFT_VERSION = 5.0;
				TARGETED_DEVICE_FAMILY = "1,2";
				TEST_TARGET_NAME = CSVReader_SB;
			};
			name = Debug;
		};
		8EFD688428F5AD6A00C128DC /* Release */ = {
			isa = XCBuildConfiguration;
			buildSettings = {
				ALWAYS_EMBED_SWIFT_STANDARD_LIBRARIES = YES;
				CODE_SIGN_STYLE = Automatic;
				CURRENT_PROJECT_VERSION = 1;
				GENERATE_INFOPLIST_FILE = YES;
				MARKETING_VERSION = 1.0;
				PRODUCT_BUNDLE_IDENTIFIER = "com.alexandrumihai.CSVReader-SBUITests";
				PRODUCT_NAME = "$(TARGET_NAME)";
				SWIFT_EMIT_LOC_STRINGS = NO;
				SWIFT_VERSION = 5.0;
				TARGETED_DEVICE_FAMILY = "1,2";
				TEST_TARGET_NAME = CSVReader_SB;
			};
			name = Release;
		};
/* End XCBuildConfiguration section */

/* Begin XCConfigurationList section */
		8EFD684D28F5AD6800C128DC /* Build configuration list for PBXProject "CSVReader_SB" */ = {
			isa = XCConfigurationList;
			buildConfigurations = (
				8EFD687A28F5AD6A00C128DC /* Debug */,
				8EFD687B28F5AD6A00C128DC /* Release */,
			);
			defaultConfigurationIsVisible = 0;
			defaultConfigurationName = Release;
		};
		8EFD687C28F5AD6A00C128DC /* Build configuration list for PBXNativeTarget "CSVReader_SB" */ = {
			isa = XCConfigurationList;
			buildConfigurations = (
				8EFD687D28F5AD6A00C128DC /* Debug */,
				8EFD687E28F5AD6A00C128DC /* Release */,
			);
			defaultConfigurationIsVisible = 0;
			defaultConfigurationName = Release;
		};
		8EFD687F28F5AD6A00C128DC /* Build configuration list for PBXNativeTarget "CSVReader_SBTests" */ = {
			isa = XCConfigurationList;
			buildConfigurations = (
				8EFD688028F5AD6A00C128DC /* Debug */,
				8EFD688128F5AD6A00C128DC /* Release */,
			);
			defaultConfigurationIsVisible = 0;
			defaultConfigurationName = Release;
		};
		8EFD688228F5AD6A00C128DC /* Build configuration list for PBXNativeTarget "CSVReader_SBUITests" */ = {
			isa = XCConfigurationList;
			buildConfigurations = (
				8EFD688328F5AD6A00C128DC /* Debug */,
				8EFD688428F5AD6A00C128DC /* Release */,
			);
			defaultConfigurationIsVisible = 0;
			defaultConfigurationName = Release;
		};
/* End XCConfigurationList section */
	};
	rootObject = 8EFD684A28F5AD6800C128DC /* Project object */;
}
